
Microsoft Visual Studio Solution File, Format Version 12.00
# Visual Studio Version 16
VisualStudioVersion = 16.0.30225.117
MinimumVisualStudioVersion = 10.0.40219.1
Project("{FAE04EC0-301F-11D3-BF4B-00C04F79EFBC}") = "FinalProject-SolarSystemEducationApp", "FinalProject-SolarSystemEducationApp.csproj", "{9166FF81-EBD7-4A4B-B30B-CBD34DD75ED3}"
EndProject
Global
	GlobalSection(SolutionConfigurationPlatforms) = preSolution
		Debug|Any CPU = Debug|Any CPU
		Release|Any CPU = Release|Any CPU
	EndGlobalSection
	GlobalSection(ProjectConfigurationPlatforms) = postSolution
		{9166FF81-EBD7-4A4B-B30B-CBD34DD75ED3}.Debug|Any CPU.ActiveCfg = Debug|Any CPU
		{9166FF81-EBD7-4A4B-B30B-CBD34DD75ED3}.Debug|Any CPU.Build.0 = Debug|Any CPU
		{9166FF81-EBD7-4A4B-B30B-CBD34DD75ED3}.Release|Any CPU.ActiveCfg = Release|Any CPU
		{9166FF81-EBD7-4A4B-B30B-CBD34DD75ED3}.Release|Any CPU.Build.0 = Release|Any CPU
	EndGlobalSection
	GlobalSection(SolutionProperties) = preSolution
		HideSolutionNode = FALSE
	EndGlobalSection
	GlobalSection(ExtensibilityGlobals) = postSolution
		SolutionGuid = {E9276DFC-ADA3-4D7D-AF53-E55DF666A5B5}
	EndGlobalSection
EndGlobal
